
Microsoft Visual Studio Solution File, Format Version 12.00
# Visual Studio Version 16
VisualStudioVersion = 16.0.30907.101
MinimumVisualStudioVersion = 10.0.40219.1
Project("{9A19103F-16F7-4668-BE54-9A1E7A4F7556}") = "Test", "src\Test\Test.csproj", "{20B8957E-F22B-46AB-AA00-A912B9D83015}"
EndProject
Project("{9A19103F-16F7-4668-BE54-9A1E7A4F7556}") = "UniSerializer.Json", "src\UniSerializer.Json\UniSerializer.Json.csproj", "{A50589E6-7606-444F-B9ED-85DC1A93BBA6}"
EndProject
Project("{9A19103F-16F7-4668-BE54-9A1E7A4F7556}") = "UniSerializer.Core", "src\UniSerializer.Core\UniSerializer.Core.csproj", "{1DCDB0AD-E058-4040-9551-8589B557D465}"
EndProject
Project("{FAE04EC0-301F-11D3-BF4B-00C04F79EFBC}") = "UniSerializer.Utf8Json", "src\UniSerializer.Utf8Json\UniSerializer.Utf8Json.csproj", "{69B7188C-9C7D-4CED-A573-7445DEC19B6C}"
EndProject
Project("{FAE04EC0-301F-11D3-BF4B-00C04F79EFBC}") = "UniSerializer.MessagePack", "src\UniSerializer.MessagePack\UniSerializer.MessagePack.csproj", "{D0CA5E14-109B-4E40-AE5C-BD08FC080292}"
EndProject
Global
	GlobalSection(SolutionConfigurationPlatforms) = preSolution
		Debug|Any CPU = Debug|Any CPU
		Release|Any CPU = Release|Any CPU
	EndGlobalSection
	GlobalSection(ProjectConfigurationPlatforms) = postSolution
		{20B8957E-F22B-46AB-AA00-A912B9D83015}.Debug|Any CPU.ActiveCfg = Debug|Any CPU
		{20B8957E-F22B-46AB-AA00-A912B9D83015}.Debug|Any CPU.Build.0 = Debug|Any CPU
		{20B8957E-F22B-46AB-AA00-A912B9D83015}.Release|Any CPU.ActiveCfg = Release|Any CPU
		{20B8957E-F22B-46AB-AA00-A912B9D83015}.Release|Any CPU.Build.0 = Release|Any CPU
		{A50589E6-7606-444F-B9ED-85DC1A93BBA6}.Debug|Any CPU.ActiveCfg = Debug|Any CPU
		{A50589E6-7606-444F-B9ED-85DC1A93BBA6}.Debug|Any CPU.Build.0 = Debug|Any CPU
		{A50589E6-7606-444F-B9ED-85DC1A93BBA6}.Release|Any CPU.ActiveCfg = Release|Any CPU
		{A50589E6-7606-444F-B9ED-85DC1A93BBA6}.Release|Any CPU.Build.0 = Release|Any CPU
		{1DCDB0AD-E058-4040-9551-8589B557D465}.Debug|Any CPU.ActiveCfg = Debug|Any CPU
		{1DCDB0AD-E058-4040-9551-8589B557D465}.Debug|Any CPU.Build.0 = Debug|Any CPU
		{1DCDB0AD-E058-4040-9551-8589B557D465}.Release|Any CPU.ActiveCfg = Release|Any CPU
		{1DCDB0AD-E058-4040-9551-8589B557D465}.Release|Any CPU.Build.0 = Release|Any CPU
		{69B7188C-9C7D-4CED-A573-7445DEC19B6C}.Debug|Any CPU.ActiveCfg = Debug|Any CPU
		{69B7188C-9C7D-4CED-A573-7445DEC19B6C}.Debug|Any CPU.Build.0 = Debug|Any CPU
		{69B7188C-9C7D-4CED-A573-7445DEC19B6C}.Release|Any CPU.ActiveCfg = Release|Any CPU
		{69B7188C-9C7D-4CED-A573-7445DEC19B6C}.Release|Any CPU.Build.0 = Release|Any CPU
		{D0CA5E14-109B-4E40-AE5C-BD08FC080292}.Debug|Any CPU.ActiveCfg = Debug|Any CPU
		{D0CA5E14-109B-4E40-AE5C-BD08FC080292}.Debug|Any CPU.Build.0 = Debug|Any CPU
		{D0CA5E14-109B-4E40-AE5C-BD08FC080292}.Release|Any CPU.ActiveCfg = Release|Any CPU
		{D0CA5E14-109B-4E40-AE5C-BD08FC080292}.Release|Any CPU.Build.0 = Release|Any CPU
	EndGlobalSection
	GlobalSection(SolutionProperties) = preSolution
		HideSolutionNode = FALSE
	EndGlobalSection
	GlobalSection(ExtensibilityGlobals) = postSolution
		SolutionGuid = {0BFDB775-E6F3-45CE-9505-5FDA69ADE33F}
	EndGlobalSection
EndGlobal
